
Microsoft Visual Studio Solution File, Format Version 12.00
# Visual Studio Version 17
VisualStudioVersion = 17.11.35327.3
MinimumVisualStudioVersion = 10.0.40219.1
Project("{9A19103F-16F7-4668-BE54-9A1E7A4F7556}") = "Kvitta", "Kvitta\Kvitta.csproj", "{494ED26E-9051-4355-B55F-4A040D7304E6}"
EndProject
Project("{2150E333-8FDC-42A3-9474-1A3956D46DE8}") = "Solution Items", "Solution Items", "{8E94A1FD-10D6-4BA1-A75E-56DD05FF22DC}"
	ProjectSection(SolutionItems) = preProject
		.dockerignore = .dockerignore
		.env = .env
		.gitignore = .gitignore
		docker-compose.yml = docker-compose.yml
		Dockerfile = Dockerfile
		README.md = README.md
	EndProjectSection
EndProject
Project("{9A19103F-16F7-4668-BE54-9A1E7A4F7556}") = "Infrastructure", "Infrastructure\Infrastructure.csproj", "{C3C96FB4-7AD1-4D92-AE57-BEF5CD9CEE87}"
EndProject
Project("{FAE04EC0-301F-11D3-BF4B-00C04F79EFBC}") = "Kvitta.Integration.Tests", "Tests\Kvitta.Integration.Tests\Kvitta.Integration.Tests.csproj", "{94E71E3B-A266-4CE6-8E59-0B3D097812EF}"
EndProject
Global
	GlobalSection(SolutionConfigurationPlatforms) = preSolution
		Debug|Any CPU = Debug|Any CPU
		Release|Any CPU = Release|Any CPU
	EndGlobalSection
	GlobalSection(ProjectConfigurationPlatforms) = postSolution
		{494ED26E-9051-4355-B55F-4A040D7304E6}.Debug|Any CPU.ActiveCfg = Debug|Any CPU
		{494ED26E-9051-4355-B55F-4A040D7304E6}.Debug|Any CPU.Build.0 = Debug|Any CPU
		{494ED26E-9051-4355-B55F-4A040D7304E6}.Release|Any CPU.ActiveCfg = Release|Any CPU
		{494ED26E-9051-4355-B55F-4A040D7304E6}.Release|Any CPU.Build.0 = Release|Any CPU
		{C3C96FB4-7AD1-4D92-AE57-BEF5CD9CEE87}.Debug|Any CPU.ActiveCfg = Debug|Any CPU
		{C3C96FB4-7AD1-4D92-AE57-BEF5CD9CEE87}.Debug|Any CPU.Build.0 = Debug|Any CPU
		{C3C96FB4-7AD1-4D92-AE57-BEF5CD9CEE87}.Release|Any CPU.ActiveCfg = Release|Any CPU
		{C3C96FB4-7AD1-4D92-AE57-BEF5CD9CEE87}.Release|Any CPU.Build.0 = Release|Any CPU
		{94E71E3B-A266-4CE6-8E59-0B3D097812EF}.Debug|Any CPU.ActiveCfg = Debug|Any CPU
		{94E71E3B-A266-4CE6-8E59-0B3D097812EF}.Debug|Any CPU.Build.0 = Debug|Any CPU
		{94E71E3B-A266-4CE6-8E59-0B3D097812EF}.Release|Any CPU.ActiveCfg = Release|Any CPU
		{94E71E3B-A266-4CE6-8E59-0B3D097812EF}.Release|Any CPU.Build.0 = Release|Any CPU
	EndGlobalSection
	GlobalSection(SolutionProperties) = preSolution
		HideSolutionNode = FALSE
	EndGlobalSection
	GlobalSection(ExtensibilityGlobals) = postSolution
		SolutionGuid = {9ED6F0EB-7276-4579-94FF-C8C7509FAE25}
	EndGlobalSection
EndGlobal
